
Microsoft Visual Studio Solution File, Format Version 12.00
# Visual Studio Version 17
VisualStudioVersion = 17.13.35818.85 d17.13
MinimumVisualStudioVersion = 10.0.40219.1
Project("{FAE04EC0-301F-11D3-BF4B-00C04F79EFBC}") = "Week04Homework", "Week04Homework\Week04Homework.csproj", "{35C7C769-2C0A-420B-9894-1752FDD86BD5}"
EndProject
Global
	GlobalSection(SolutionConfigurationPlatforms) = preSolution
		Debug|Any CPU = Debug|Any CPU
		Release|Any CPU = Release|Any CPU
	EndGlobalSection
	GlobalSection(ProjectConfigurationPlatforms) = postSolution
		{35C7C769-2C0A-420B-9894-1752FDD86BD5}.Debug|Any CPU.ActiveCfg = Debug|Any CPU
		{35C7C769-2C0A-420B-9894-1752FDD86BD5}.Debug|Any CPU.Build.0 = Debug|Any CPU
		{35C7C769-2C0A-420B-9894-1752FDD86BD5}.Release|Any CPU.ActiveCfg = Release|Any CPU
		{35C7C769-2C0A-420B-9894-1752FDD86BD5}.Release|Any CPU.Build.0 = Release|Any CPU
	EndGlobalSection
	GlobalSection(SolutionProperties) = preSolution
		HideSolutionNode = FALSE
	EndGlobalSection
	GlobalSection(ExtensibilityGlobals) = postSolution
		SolutionGuid = {C2BC2A87-EF54-4626-977F-CA8CB61EAC89}
	EndGlobalSection
EndGlobal
